
Microsoft Visual Studio Solution File, Format Version 12.00
# Visual Studio Version 17
VisualStudioVersion = 17.11.35327.3
MinimumVisualStudioVersion = 10.0.40219.1
Project("{9A19103F-16F7-4668-BE54-9A1E7A4F7556}") = "qcu-unit-windows", "qcu-unit-windows\qcu-unit-windows.csproj", "{A88005B4-86BA-4204-8667-55646215829E}"
EndProject
Global
	GlobalSection(SolutionConfigurationPlatforms) = preSolution
		Debug|Any CPU = Debug|Any CPU
		Release|Any CPU = Release|Any CPU
	EndGlobalSection
	GlobalSection(ProjectConfigurationPlatforms) = postSolution
		{A88005B4-86BA-4204-8667-55646215829E}.Debug|Any CPU.ActiveCfg = Debug|Any CPU
		{A88005B4-86BA-4204-8667-55646215829E}.Debug|Any CPU.Build.0 = Debug|Any CPU
		{A88005B4-86BA-4204-8667-55646215829E}.Debug|Any CPU.Deploy.0 = Debug|Any CPU
		{A88005B4-86BA-4204-8667-55646215829E}.Release|Any CPU.ActiveCfg = Release|Any CPU
		{A88005B4-86BA-4204-8667-55646215829E}.Release|Any CPU.Build.0 = Release|Any CPU
		{A88005B4-86BA-4204-8667-55646215829E}.Release|Any CPU.Deploy.0 = Release|Any CPU
	EndGlobalSection
	GlobalSection(SolutionProperties) = preSolution
		HideSolutionNode = FALSE
	EndGlobalSection
	GlobalSection(ExtensibilityGlobals) = postSolution
		SolutionGuid = {8004B322-386E-47A6-9A40-8E4EC1CDCC83}
	EndGlobalSection
EndGlobal
